
Microsoft Visual Studio Solution File, Format Version 12.00
# Visual Studio Version 16
VisualStudioVersion = 16.0.29326.143
MinimumVisualStudioVersion = 10.0.40219.1
Project("{FAE04EC0-301F-11D3-BF4B-00C04F79EFBC}") = "UserMaintenance", "UserMaintenance\UserMaintenance.csproj", "{3E3F6053-09BE-4DD3-B218-522D1C48C4B9}"
EndProject
Global
	GlobalSection(SolutionConfigurationPlatforms) = preSolution
		Debug|Any CPU = Debug|Any CPU
		Release|Any CPU = Release|Any CPU
	EndGlobalSection
	GlobalSection(ProjectConfigurationPlatforms) = postSolution
		{3E3F6053-09BE-4DD3-B218-522D1C48C4B9}.Debug|Any CPU.ActiveCfg = Debug|Any CPU
		{3E3F6053-09BE-4DD3-B218-522D1C48C4B9}.Debug|Any CPU.Build.0 = Debug|Any CPU
		{3E3F6053-09BE-4DD3-B218-522D1C48C4B9}.Release|Any CPU.ActiveCfg = Release|Any CPU
		{3E3F6053-09BE-4DD3-B218-522D1C48C4B9}.Release|Any CPU.Build.0 = Release|Any CPU
	EndGlobalSection
	GlobalSection(SolutionProperties) = preSolution
		HideSolutionNode = FALSE
	EndGlobalSection
	GlobalSection(ExtensibilityGlobals) = postSolution
		SolutionGuid = {14C1535D-C853-4F02-B891-68EB7B89773C}
	EndGlobalSection
EndGlobal
